github.com/BurntSushi/toml v0.3.1 h1:WXkYYl6Yr3qBf1K79EBnL4mak0OimBfB0XUf9Vl28OQ=
github.com/BurntSushi/toml v0.3.1/go.mod h1:xHWCNGjB5oqiDr8zfno3MHue2Ht5sIBksp03qcyfWMU=
github.com/goinvest/iexcloud v0.0.0-20191106161709-2740cd5af52d h1:L2sFaJHWpnxWKCLhsbXuQLFsvTg7GawS/yDN4UKnxvI=
github.com/goinvest/iexcloud v0.0.0-20191106161709-2740cd5af52d/go.mod h1:bu33ACi1OaaSQzdrM/loERM8Jifrc2+S0YsYdym+kOs=
github.com/goinvest/iexcloud/v2 v2.13.0 h1:UxmOzAK0wRGDsASGihhtR73sBZldn3hs1VgU0s/4b6g=
github.com/goinvest/iexcloud/v2 v2.13.0/go.mod h1:ea1t+5Zax/fUbgmNV0ikWku/xcUg0UeKr0Eo2v/nYpQ=
github.com/google/go-querystring v1.0.0 h1:Xkwi/a1rcvNg1PPYe5vI8GbeBY/jrVuDX5ASuANWTrk=
github.com/google/go-querystring v1.0.0/go.mod h1:odCYkC5MyYFN7vkCjXpyrEuKhc/BUO6wN/zVPAxq5ck=
github.com/spf13/cobra v0.0.3/go.mod h1:1l0Ry5zgKvJasoi3XT1TypsSe7PqH0Sj9dhYf7v3XqQ=
github.com/spf13/pflag v1.0.3/go.mod h1:DYY7MBk1bdzusC3SYhjObp+wFpr4gzcvqqNjLnInEg4=
